
Microsoft Visual Studio Solution File, Format Version 12.00
# Visual Studio Version 16
VisualStudioVersion = 16.0.30907.101
MinimumVisualStudioVersion = 10.0.40219.1
Project("{FAE04EC0-301F-11D3-BF4B-00C04F79EFBC}") = "Prectica1YA", "Prectica1YA\Prectica1YA.csproj", "{3D034E5A-BC73-4AFF-9EDC-3F84F59E1353}"
EndProject
Global
	GlobalSection(SolutionConfigurationPlatforms) = preSolution
		Debug|Any CPU = Debug|Any CPU
		Release|Any CPU = Release|Any CPU
	EndGlobalSection
	GlobalSection(ProjectConfigurationPlatforms) = postSolution
		{3D034E5A-BC73-4AFF-9EDC-3F84F59E1353}.Debug|Any CPU.ActiveCfg = Debug|Any CPU
		{3D034E5A-BC73-4AFF-9EDC-3F84F59E1353}.Debug|Any CPU.Build.0 = Debug|Any CPU
		{3D034E5A-BC73-4AFF-9EDC-3F84F59E1353}.Release|Any CPU.ActiveCfg = Release|Any CPU
		{3D034E5A-BC73-4AFF-9EDC-3F84F59E1353}.Release|Any CPU.Build.0 = Release|Any CPU
	EndGlobalSection
	GlobalSection(SolutionProperties) = preSolution
		HideSolutionNode = FALSE
	EndGlobalSection
	GlobalSection(ExtensibilityGlobals) = postSolution
		SolutionGuid = {E8942CD2-28DE-415F-9628-56394D166EFF}
	EndGlobalSection
EndGlobal
